// !$*UTF8*$!
{
	archiveVersion = 1;
	classes = {
	};
	objectVersion = 46;
	objects = {

/* Begin PBXBuildFile section */
		92210A9318186D5500088A50 /* Foundation.framework in Frameworks */ = {isa = PBXBuildFile; fileRef = 92210A9218186D5500088A50 /* Foundation.framework */; };
		92210A9518186D5500088A50 /* CoreGraphics.framework in Frameworks */ = {isa = PBXBuildFile; fileRef = 92210A9418186D5500088A50 /* CoreGraphics.framework */; };
		92210A9718186D5500088A50 /* UIKit.framework in Frameworks */ = {isa = PBXBuildFile; fileRef = 92210A9618186D5500088A50 /* UIKit.framework */; };
		92210A9D18186D5500088A50 /* InfoPlist.strings in Resources */ = {isa = PBXBuildFile; fileRef = 92210A9B18186D5500088A50 /* InfoPlist.strings */; };
		92210A9F18186D5500088A50 /* main.m in Sources */ = {isa = PBXBuildFile; fileRef = 92210A9E18186D5500088A50 /* main.m */; };
		92210AA318186D5500088A50 /* AppDelegate.m in Sources */ = {isa = PBXBuildFile; fileRef = 92210AA218186D5500088A50 /* AppDelegate.m */; };
		92210AA618186D5500088A50 /* Main_iPhone.storyboard in Resources */ = {isa = PBXBuildFile; fileRef = 92210AA418186D5500088A50 /* Main_iPhone.storyboard */; };
		92210AA918186D5500088A50 /* Main_iPad.storyboard in Resources */ = {isa = PBXBuildFile; fileRef = 92210AA718186D5500088A50 /* Main_iPad.storyboard */; };
		92210AAC18186D5500088A50 /* MasterViewController.m in Sources */ = {isa = PBXBuildFile; fileRef = 92210AAB18186D5500088A50 /* MasterViewController.m */; };
		92210AAF18186D5500088A50 /* DetailViewController.m in Sources */ = {isa = PBXBuildFile; fileRef = 92210AAE18186D5500088A50 /* DetailViewController.m */; };
		92210AB118186D5500088A50 /* Images.xcassets in Resources */ = {isa = PBXBuildFile; fileRef = 92210AB018186D5500088A50 /* Images.xcassets */; };
		92210AB818186D5500088A50 /* XCTest.framework in Frameworks */ = {isa = PBXBuildFile; fileRef = 92210AB718186D5500088A50 /* XCTest.framework */; };
		92210AB918186D5500088A50 /* Foundation.framework in Frameworks */ = {isa = PBXBuildFile; fileRef = 92210A9218186D5500088A50 /* Foundation.framework */; };
		92210ABA18186D5600088A50 /* UIKit.framework in Frameworks */ = {isa = PBXBuildFile; fileRef = 92210A9618186D5500088A50 /* UIKit.framework */; };
		92210AC218186D5600088A50 /* InfoPlist.strings in Resources */ = {isa = PBXBuildFile; fileRef = 92210AC018186D5600088A50 /* InfoPlist.strings */; };
		92210AC418186D5600088A50 /* poddelusionTests.m in Sources */ = {isa = PBXBuildFile; fileRef = 92210AC318186D5600088A50 /* poddelusionTests.m */; };
		92210ACF18186FBF00088A50 /* RSSEntry.m in Sources */ = {isa = PBXBuildFile; fileRef = 92210ACE18186FBF00088A50 /* RSSEntry.m */; };
		92210AD118217E4500088A50 /* Icon.png in Resources */ = {isa = PBXBuildFile; fileRef = 92210AD018217E4500088A50 /* Icon.png */; };
		92210AD318217E6800088A50 /* Icon@2x.png in Resources */ = {isa = PBXBuildFile; fileRef = 92210AD218217E6800088A50 /* Icon@2x.png */; };
		92210AD61831341C00088A50 /* NSPDXMLParser.m in Sources */ = {isa = PBXBuildFile; fileRef = 92210AD51831341C00088A50 /* NSPDXMLParser.m */; };
/* End PBXBuildFile section */

/* Begin PBXContainerItemProxy section */
		92210ABB18186D5600088A50 /* PBXContainerItemProxy */ = {
			isa = PBXContainerItemProxy;
			containerPortal = 92210A8718186D5500088A50 /* Project object */;
			proxyType = 1;
			remoteGlobalIDString = 92210A8E18186D5500088A50;
			remoteInfo = poddelusion;
		};
/* End PBXContainerItemProxy section */

/* Begin PBXFileReference section */
		92210A8F18186D5500088A50 /* poddelusion.app */ = {isa = PBXFileReference; explicitFileType = wrapper.application; includeInIndex = 0; path = poddelusion.app; sourceTree = BUILT_PRODUCTS_DIR; };
		92210A9218186D5500088A50 /* Foundation.framework */ = {isa = PBXFileReference; lastKnownFileType = wrapper.framework; name = Foundation.framework; path = System/Library/Frameworks/Foundation.framework; sourceTree = SDKROOT; };
		92210A9418186D5500088A50 /* CoreGraphics.framework */ = {isa = PBXFileReference; lastKnownFileType = wrapper.framework; name = CoreGraphics.framework; path = System/Library/Frameworks/CoreGraphics.framework; sourceTree = SDKROOT; };
		92210A9618186D5500088A50 /* UIKit.framework */ = {isa = PBXFileReference; lastKnownFileType = wrapper.framework; name = UIKit.framework; path = System/Library/Frameworks/UIKit.framework; sourceTree = SDKROOT; };
		92210A9A18186D5500088A50 /* poddelusion-Info.plist */ = {isa = PBXFileReference; lastKnownFileType = text.plist.xml; path = "poddelusion-Info.plist"; sourceTree = "<group>"; };
		92210A9C18186D5500088A50 /* en */ = {isa = PBXFileReference; lastKnownFileType = text.plist.strings; name = en; path = en.lproj/InfoPlist.strings; sourceTree = "<group>"; };
		92210A9E18186D5500088A50 /* main.m */ = {isa = PBXFileReference; lastKnownFileType = sourcecode.c.objc; path = main.m; sourceTree = "<group>"; };
		92210AA018186D5500088A50 /* poddelusion-Prefix.pch */ = {isa = PBXFileReference; lastKnownFileType = sourcecode.c.h; path = "poddelusion-Prefix.pch"; sourceTree = "<group>"; };
		92210AA118186D5500088A50 /* AppDelegate.h */ = {isa = PBXFileReference; lastKnownFileType = sourcecode.c.h; path = AppDelegate.h; sourceTree = "<group>"; };
		92210AA218186D5500088A50 /* AppDelegate.m */ = {isa = PBXFileReference; lastKnownFileType = sourcecode.c.objc; path = AppDelegate.m; sourceTree = "<group>"; };
		92210AA518186D5500088A50 /* Base */ = {isa = PBXFileReference; lastKnownFileType = file.storyboard; name = Base; path = Base.lproj/Main_iPhone.storyboard; sourceTree = "<group>"; };
		92210AA818186D5500088A50 /* Base */ = {isa = PBXFileReference; lastKnownFileType = file.storyboard; name = Base; path = Base.lproj/Main_iPad.storyboard; sourceTree = "<group>"; };
		92210AAA18186D5500088A50 /* MasterViewController.h */ = {isa = PBXFileReference; lastKnownFileType = sourcecode.c.h; path = MasterViewController.h; sourceTree = "<group>"; };
		92210AAB18186D5500088A50 /* MasterViewController.m */ = {isa = PBXFileReference; lastKnownFileType = sourcecode.c.objc; path = MasterViewController.m; sourceTree = "<group>"; };
		92210AAD18186D5500088A50 /* DetailViewController.h */ = {isa = PBXFileReference; lastKnownFileType = sourcecode.c.h; path = DetailViewController.h; sourceTree = "<group>"; };
		92210AAE18186D5500088A50 /* DetailViewController.m */ = {isa = PBXFileReference; lastKnownFileType = sourcecode.c.objc; path = DetailViewController.m; sourceTree = "<group>"; };
		92210AB018186D5500088A50 /* Images.xcassets */ = {isa = PBXFileReference; lastKnownFileType = folder.assetcatalog; path = Images.xcassets; sourceTree = "<group>"; };
		92210AB618186D5500088A50 /* poddelusionTests.xctest */ = {isa = PBXFileReference; explicitFileType = wrapper.cfbundle; includeInIndex = 0; path = poddelusionTests.xctest; sourceTree = BUILT_PRODUCTS_DIR; };
		92210AB718186D5500088A50 /* XCTest.framework */ = {isa = PBXFileReference; lastKnownFileType = wrapper.framework; name = XCTest.framework; path = Library/Frameworks/XCTest.framework; sourceTree = DEVELOPER_DIR; };
		92210ABF18186D5600088A50 /* poddelusionTests-Info.plist */ = {isa = PBXFileReference; lastKnownFileType = text.plist.xml; path = "poddelusionTests-Info.plist"; sourceTree = "<group>"; };
		92210AC118186D5600088A50 /* en */ = {isa = PBXFileReference; lastKnownFileType = text.plist.strings; name = en; path = en.lproj/InfoPlist.strings; sourceTree = "<group>"; };
		92210AC318186D5600088A50 /* poddelusionTests.m */ = {isa = PBXFileReference; lastKnownFileType = sourcecode.c.objc; path = poddelusionTests.m; sourceTree = "<group>"; };
		92210ACD18186FBF00088A50 /* RSSEntry.h */ = {isa = PBXFileReference; fileEncoding = 4; lastKnownFileType = sourcecode.c.h; path = RSSEntry.h; sourceTree = "<group>"; };
		92210ACE18186FBF00088A50 /* RSSEntry.m */ = {isa = PBXFileReference; fileEncoding = 4; lastKnownFileType = sourcecode.c.objc; path = RSSEntry.m; sourceTree = "<group>"; };
		92210AD018217E4500088A50 /* Icon.png */ = {isa = PBXFileReference; lastKnownFileType = image.png; name = Icon.png; path = poddelusion/Icon.png; sourceTree = "<group>"; };
		92210AD218217E6800088A50 /* Icon@2x.png */ = {isa = PBXFileReference; lastKnownFileType = image.png; name = "Icon@2x.png"; path = "poddelusion/Icon@2x.png"; sourceTree = "<group>"; };
		92210AD41831341C00088A50 /* NSPDXMLParser.h */ = {isa = PBXFileReference; fileEncoding = 4; lastKnownFileType = sourcecode.c.h; path = NSPDXMLParser.h; sourceTree = "<group>"; };
		92210AD51831341C00088A50 /* NSPDXMLParser.m */ = {isa = PBXFileReference; fileEncoding = 4; lastKnownFileType = sourcecode.c.objc; path = NSPDXMLParser.m; sourceTree = "<group>"; };
/* End PBXFileReference section */

/* Begin PBXFrameworksBuildPhase section */
		92210A8C18186D5500088A50 /* Frameworks */ = {
			isa = PBXFrameworksBuildPhase;
			buildActionMask = 2147483647;
			files = (
				92210A9518186D5500088A50 /* CoreGraphics.framework in Frameworks */,
				92210A9718186D5500088A50 /* UIKit.framework in Frameworks */,
				92210A9318186D5500088A50 /* Foundation.framework in Frameworks */,
			);
			runOnlyForDeploymentPostprocessing = 0;
		};
		92210AB318186D5500088A50 /* Frameworks */ = {
			isa = PBXFrameworksBuildPhase;
			buildActionMask = 2147483647;
			files = (
				92210AB818186D5500088A50 /* XCTest.framework in Frameworks */,
				92210ABA18186D5600088A50 /* UIKit.framework in Frameworks */,
				92210AB918186D5500088A50 /* Foundation.framework in Frameworks */,
			);
			runOnlyForDeploymentPostprocessing = 0;
		};
/* End PBXFrameworksBuildPhase section */

/* Begin PBXGroup section */
		92210A8618186D5500088A50 = {
			isa = PBXGroup;
			children = (
				92210AD218217E6800088A50 /* Icon@2x.png */,
				92210AD018217E4500088A50 /* Icon.png */,
				92210A9818186D5500088A50 /* poddelusion */,
				92210ABD18186D5600088A50 /* poddelusionTests */,
				92210A9118186D5500088A50 /* Frameworks */,
				92210A9018186D5500088A50 /* Products */,
			);
			sourceTree = "<group>";
		};
		92210A9018186D5500088A50 /* Products */ = {
			isa = PBXGroup;
			children = (
				92210A8F18186D5500088A50 /* poddelusion.app */,
				92210AB618186D5500088A50 /* poddelusionTests.xctest */,
			);
			name = Products;
			sourceTree = "<group>";
		};
		92210A9118186D5500088A50 /* Frameworks */ = {
			isa = PBXGroup;
			children = (
				92210A9218186D5500088A50 /* Foundation.framework */,
				92210A9418186D5500088A50 /* CoreGraphics.framework */,
				92210A9618186D5500088A50 /* UIKit.framework */,
				92210AB718186D5500088A50 /* XCTest.framework */,
			);
			name = Frameworks;
			sourceTree = "<group>";
		};
		92210A9818186D5500088A50 /* poddelusion */ = {
			isa = PBXGroup;
			children = (
				92210AA118186D5500088A50 /* AppDelegate.h */,
				92210AA218186D5500088A50 /* AppDelegate.m */,
				92210AA418186D5500088A50 /* Main_iPhone.storyboard */,
				92210ACD18186FBF00088A50 /* RSSEntry.h */,
				92210ACE18186FBF00088A50 /* RSSEntry.m */,
				92210AA718186D5500088A50 /* Main_iPad.storyboard */,
				92210AAA18186D5500088A50 /* MasterViewController.h */,
				92210AAB18186D5500088A50 /* MasterViewController.m */,
				92210AAD18186D5500088A50 /* DetailViewController.h */,
				92210AAE18186D5500088A50 /* DetailViewController.m */,
				92210AB018186D5500088A50 /* Images.xcassets */,
				92210A9918186D5500088A50 /* Supporting Files */,
				92210AD41831341C00088A50 /* NSPDXMLParser.h */,
				92210AD51831341C00088A50 /* NSPDXMLParser.m */,
			);
			path = poddelusion;
			sourceTree = "<group>";
		};
		92210A9918186D5500088A50 /* Supporting Files */ = {
			isa = PBXGroup;
			children = (
				92210A9A18186D5500088A50 /* poddelusion-Info.plist */,
				92210A9B18186D5500088A50 /* InfoPlist.strings */,
				92210A9E18186D5500088A50 /* main.m */,
				92210AA018186D5500088A50 /* poddelusion-Prefix.pch */,
			);
			name = "Supporting Files";
			sourceTree = "<group>";
		};
		92210ABD18186D5600088A50 /* poddelusionTests */ = {
			isa = PBXGroup;
			children = (
				92210AC318186D5600088A50 /* poddelusionTests.m */,
				92210ABE18186D5600088A50 /* Supporting Files */,
			);
			path = poddelusionTests;
			sourceTree = "<group>";
		};
		92210ABE18186D5600088A50 /* Supporting Files */ = {
			isa = PBXGroup;
			children = (
				92210ABF18186D5600088A50 /* poddelusionTests-Info.plist */,
				92210AC018186D5600088A50 /* InfoPlist.strings */,
			);
			name = "Supporting Files";
			sourceTree = "<group>";
		};
/* End PBXGroup section */

/* Begin PBXNativeTarget section */
		92210A8E18186D5500088A50 /* poddelusion */ = {
			isa = PBXNativeTarget;
			buildConfigurationList = 92210AC718186D5600088A50 /* Build configuration list for PBXNativeTarget "poddelusion" */;
			buildPhases = (
				92210A8B18186D5500088A50 /* Sources */,
				92210A8C18186D5500088A50 /* Frameworks */,
				92210A8D18186D5500088A50 /* Resources */,
			);
			buildRules = (
			);
			dependencies = (
			);
			name = poddelusion;
			productName = poddelusion;
			productReference = 92210A8F18186D5500088A50 /* poddelusion.app */;
			productType = "com.apple.product-type.application";
		};
		92210AB518186D5500088A50 /* poddelusionTests */ = {
			isa = PBXNativeTarget;
			buildConfigurationList = 92210ACA18186D5600088A50 /* Build configuration list for PBXNativeTarget "poddelusionTests" */;
			buildPhases = (
				92210AB218186D5500088A50 /* Sources */,
				92210AB318186D5500088A50 /* Frameworks */,
				92210AB418186D5500088A50 /* Resources */,
			);
			buildRules = (
			);
			dependencies = (
				92210ABC18186D5600088A50 /* PBXTargetDependency */,
			);
			name = poddelusionTests;
			productName = poddelusionTests;
			productReference = 92210AB618186D5500088A50 /* poddelusionTests.xctest */;
			productType = "com.apple.product-type.bundle.unit-test";
		};
/* End PBXNativeTarget section */

/* Begin PBXProject section */
		92210A8718186D5500088A50 /* Project object */ = {
			isa = PBXProject;
			attributes = {
				LastUpgradeCheck = 0500;
				ORGANIZATIONNAME = "Chris Nicholson";
				TargetAttributes = {
					92210AB518186D5500088A50 = {
						TestTargetID = 92210A8E18186D5500088A50;
					};
				};
			};
			buildConfigurationList = 92210A8A18186D5500088A50 /* Build configuration list for PBXProject "poddelusion" */;
			compatibilityVersion = "Xcode 3.2";
			developmentRegion = English;
			hasScannedForEncodings = 0;
			knownRegions = (
				en,
				Base,
			);
			mainGroup = 92210A8618186D5500088A50;
			productRefGroup = 92210A9018186D5500088A50 /* Products */;
			projectDirPath = "";
			projectRoot = "";
			targets = (
				92210A8E18186D5500088A50 /* poddelusion */,
				92210AB518186D5500088A50 /* poddelusionTests */,
			);
		};
/* End PBXProject section */

/* Begin PBXResourcesBuildPhase section */
		92210A8D18186D5500088A50 /* Resources */ = {
			isa = PBXResourcesBuildPhase;
			buildActionMask = 2147483647;
			files = (
				92210AD118217E4500088A50 /* Icon.png in Resources */,
				92210AA918186D5500088A50 /* Main_iPad.storyboard in Resources */,
				92210AB118186D5500088A50 /* Images.xcassets in Resources */,
				92210AA618186D5500088A50 /* Main_iPhone.storyboard in Resources */,
				92210AD318217E6800088A50 /* Icon@2x.png in Resources */,
				92210A9D18186D5500088A50 /* InfoPlist.strings in Resources */,
			);
			runOnlyForDeploymentPostprocessing = 0;
		};
		92210AB418186D5500088A50 /* Resources */ = {
			isa = PBXResourcesBuildPhase;
			buildActionMask = 2147483647;
			files = (
				92210AC218186D5600088A50 /* InfoPlist.strings in Resources */,
			);
			runOnlyForDeploymentPostprocessing = 0;
		};
/* End PBXResourcesBuildPhase section */

/* Begin PBXSourcesBuildPhase section */
		92210A8B18186D5500088A50 /* Sources */ = {
			isa = PBXSourcesBuildPhase;
			buildActionMask = 2147483647;
			files = (
				92210AA318186D5500088A50 /* AppDelegate.m in Sources */,
				92210AAC18186D5500088A50 /* MasterViewController.m in Sources */,
				92210A9F18186D5500088A50 /* main.m in Sources */,
				92210AAF18186D5500088A50 /* DetailViewController.m in Sources */,
				92210ACF18186FBF00088A50 /* RSSEntry.m in Sources */,
				92210AD61831341C00088A50 /* NSPDXMLParser.m in Sources */,
			);
			runOnlyForDeploymentPostprocessing = 0;
		};
		92210AB218186D5500088A50 /* Sources */ = {
			isa = PBXSourcesBuildPhase;
			buildActionMask = 2147483647;
			files = (
				92210AC418186D5600088A50 /* poddelusionTests.m in Sources */,
			);
			runOnlyForDeploymentPostprocessing = 0;
		};
/* End PBXSourcesBuildPhase section */

/* Begin PBXTargetDependency section */
		92210ABC18186D5600088A50 /* PBXTargetDependency */ = {
			isa = PBXTargetDependency;
			target = 92210A8E18186D5500088A50 /* poddelusion */;
			targetProxy = 92210ABB18186D5600088A50 /* PBXContainerItemProxy */;
		};
/* End PBXTargetDependency section */

/* Begin PBXVariantGroup section */
		92210A9B18186D5500088A50 /* InfoPlist.strings */ = {
			isa = PBXVariantGroup;
			children = (
				92210A9C18186D5500088A50 /* en */,
			);
			name = InfoPlist.strings;
			sourceTree = "<group>";
		};
		92210AA418186D5500088A50 /* Main_iPhone.storyboard */ = {
			isa = PBXVariantGroup;
			children = (
				92210AA518186D5500088A50 /* Base */,
			);
			name = Main_iPhone.storyboard;
			sourceTree = "<group>";
		};
		92210AA718186D5500088A50 /* Main_iPad.storyboard */ = {
			isa = PBXVariantGroup;
			children = (
				92210AA818186D5500088A50 /* Base */,
			);
			name = Main_iPad.storyboard;
			sourceTree = "<group>";
		};
		92210AC018186D5600088A50 /* InfoPlist.strings */ = {
			isa = PBXVariantGroup;
			children = (
				92210AC118186D5600088A50 /* en */,
			);
			name = InfoPlist.strings;
			sourceTree = "<group>";
		};
/* End PBXVariantGroup section */

/* Begin XCBuildConfiguration section */
		92210AC518186D5600088A50 /* Debug */ = {
			isa = XCBuildConfiguration;
			buildSettings = {
				ALWAYS_SEARCH_USER_PATHS = NO;
				ARCHS = "$(ARCHS_STANDARD_INCLUDING_64_BIT)";
				CLANG_CXX_LANGUAGE_STANDARD = "gnu++0x";
				CLANG_CXX_LIBRARY = "libc++";
				CLANG_ENABLE_MODULES = YES;
				CLANG_ENABLE_OBJC_ARC = YES;
				CLANG_WARN_BOOL_CONVERSION = YES;
				CLANG_WARN_CONSTANT_CONVERSION = YES;
				CLANG_WARN_DIRECT_OBJC_ISA_USAGE = YES_ERROR;
				CLANG_WARN_EMPTY_BODY = YES;
				CLANG_WARN_ENUM_CONVERSION = YES;
				CLANG_WARN_INT_CONVERSION = YES;
				CLANG_WARN_OBJC_ROOT_CLASS = YES_ERROR;
				CLANG_WARN__DUPLICATE_METHOD_MATCH = YES;
				"CODE_SIGN_IDENTITY[sdk=iphoneos*]" = "iPhone Developer";
				COPY_PHASE_STRIP = NO;
				GCC_C_LANGUAGE_STANDARD = gnu99;
				GCC_DYNAMIC_NO_PIC = NO;
				GCC_OPTIMIZATION_LEVEL = 0;
				GCC_PREPROCESSOR_DEFINITIONS = (
					"DEBUG=1",
					"$(inherited)",
				);
				GCC_SYMBOLS_PRIVATE_EXTERN = NO;
				GCC_WARN_64_TO_32_BIT_CONVERSION = YES;
				GCC_WARN_ABOUT_RETURN_TYPE = YES_ERROR;
				GCC_WARN_UNDECLARED_SELECTOR = YES;
				GCC_WARN_UNINITIALIZED_AUTOS = YES;
				GCC_WARN_UNUSED_FUNCTION = YES;
				GCC_WARN_UNUSED_VARIABLE = YES;
				IPHONEOS_DEPLOYMENT_TARGET = 7.0;
				ONLY_ACTIVE_ARCH = YES;
				SDKROOT = iphoneos;
				TARGETED_DEVICE_FAMILY = "1,2";
			};
			name = Debug;
		};
		92210AC618186D5600088A50 /* Release */ = {
			isa = XCBuildConfiguration;
			buildSettings = {
				ALWAYS_SEARCH_USER_PATHS = NO;
				ARCHS = "$(ARCHS_STANDARD_INCLUDING_64_BIT)";
				CLANG_CXX_LANGUAGE_STANDARD = "gnu++0x";
				CLANG_CXX_LIBRARY = "libc++";
				CLANG_ENABLE_MODULES = YES;
				CLANG_ENABLE_OBJC_ARC = YES;
				CLANG_WARN_BOOL_CONVERSION = YES;
				CLANG_WARN_CONSTANT_CONVERSION = YES;
				CLANG_WARN_DIRECT_OBJC_ISA_USAGE = YES_ERROR;
				CLANG_WARN_EMPTY_BODY = YES;
				CLANG_WARN_ENUM_CONVERSION = YES;
				CLANG_WARN_INT_CONVERSION = YES;
				CLANG_WARN_OBJC_ROOT_CLASS = YES_ERROR;
				CLANG_WARN__DUPLICATE_METHOD_MATCH = YES;
				"CODE_SIGN_IDENTITY[sdk=iphoneos*]" = "iPhone Developer";
				COPY_PHASE_STRIP = YES;
				ENABLE_NS_ASSERTIONS = NO;
				GCC_C_LANGUAGE_STANDARD = gnu99;
				GCC_WARN_64_TO_32_BIT_CONVERSION = YES;
				GCC_WARN_ABOUT_RETURN_TYPE = YES_ERROR;
				GCC_WARN_UNDECLARED_SELECTOR = YES;
				GCC_WARN_UNINITIALIZED_AUTOS = YES;
				GCC_WARN_UNUSED_FUNCTION = YES;
				GCC_WARN_UNUSED_VARIABLE = YES;
				IPHONEOS_DEPLOYMENT_TARGET = 7.0;
				SDKROOT = iphoneos;
				TARGETED_DEVICE_FAMILY = "1,2";
				VALIDATE_PRODUCT = YES;
			};
			name = Release;
		};
		92210AC818186D5600088A50 /* Debug */ = {
			isa = XCBuildConfiguration;
			buildSettings = {
				ASSETCATALOG_COMPILER_APPICON_NAME = AppIcon;
				ASSETCATALOG_COMPILER_LAUNCHIMAGE_NAME = LaunchImage;
				GCC_PRECOMPILE_PREFIX_HEADER = YES;
				GCC_PREFIX_HEADER = "poddelusion/poddelusion-Prefix.pch";
				INFOPLIST_FILE = "poddelusion/poddelusion-Info.plist";
				PRODUCT_NAME = "$(TARGET_NAME)";
				WRAPPER_EXTENSION = app;
			};
			name = Debug;
		};
		92210AC918186D5600088A50 /* Release */ = {
			isa = XCBuildConfiguration;
			buildSettings = {
				ASSETCATALOG_COMPILER_APPICON_NAME = AppIcon;
				ASSETCATALOG_COMPILER_LAUNCHIMAGE_NAME = LaunchImage;
				GCC_PRECOMPILE_PREFIX_HEADER = YES;
				GCC_PREFIX_HEADER = "poddelusion/poddelusion-Prefix.pch";
				INFOPLIST_FILE = "poddelusion/poddelusion-Info.plist";
				PRODUCT_NAME = "$(TARGET_NAME)";
				WRAPPER_EXTENSION = app;
			};
			name = Release;
		};
		92210ACB18186D5600088A50 /* Debug */ = {
			isa = XCBuildConfiguration;
			buildSettings = {
				ARCHS = "$(ARCHS_STANDARD_INCLUDING_64_BIT)";
				BUNDLE_LOADER = "$(BUILT_PRODUCTS_DIR)/poddelusion.app/poddelusion";
				FRAMEWORK_SEARCH_PATHS = (
					"$(SDKROOT)/Developer/Library/Frameworks",
					"$(inherited)",
					"$(DEVELOPER_FRAMEWORKS_DIR)",
				);
				GCC_PRECOMPILE_PREFIX_HEADER = YES;
				GCC_PREFIX_HEADER = "poddelusion/poddelusion-Prefix.pch";
				GCC_PREPROCESSOR_DEFINITIONS = (
					"DEBUG=1",
					"$(inherited)",
				);
				INFOPLIST_FILE = "poddelusionTests/poddelusionTests-Info.plist";
				PRODUCT_NAME = "$(TARGET_NAME)";
				TEST_HOST = "$(BUNDLE_LOADER)";
				WRAPPER_EXTENSION = xctest;
			};
			name = Debug;
		};
		92210ACC18186D5600088A50 /* Release */ = {
			isa = XCBuildConfiguration;
			buildSettings = {
				ARCHS = "$(ARCHS_STANDARD_INCLUDING_64_BIT)";
				BUNDLE_LOADER = "$(BUILT_PRODUCTS_DIR)/poddelusion.app/poddelusion";
				FRAMEWORK_SEARCH_PATHS = (
					"$(SDKROOT)/Developer/Library/Frameworks",
					"$(inherited)",
					"$(DEVELOPER_FRAMEWORKS_DIR)",
				);
				GCC_PRECOMPILE_PREFIX_HEADER = YES;
				GCC_PREFIX_HEADER = "poddelusion/poddelusion-Prefix.pch";
				INFOPLIST_FILE = "poddelusionTests/poddelusionTests-Info.plist";
				PRODUCT_NAME = "$(TARGET_NAME)";
				TEST_HOST = "$(BUNDLE_LOADER)";
				WRAPPER_EXTENSION = xctest;
			};
			name = Release;
		};
/* End XCBuildConfiguration section */

/* Begin XCConfigurationList section */
		92210A8A18186D5500088A50 /* Build configuration list for PBXProject "poddelusion" */ = {
			isa = XCConfigurationList;
			buildConfigurations = (
				92210AC518186D5600088A50 /* Debug */,
				92210AC618186D5600088A50 /* Release */,
			);
			defaultConfigurationIsVisible = 0;
			defaultConfigurationName = Release;
		};
		92210AC718186D5600088A50 /* Build configuration list for PBXNativeTarget "poddelusion" */ = {
			isa = XCConfigurationList;
			buildConfigurations = (
				92210AC818186D5600088A50 /* Debug */,
				92210AC918186D5600088A50 /* Release */,
			);
			defaultConfigurationIsVisible = 0;
		};
		92210ACA18186D5600088A50 /* Build configuration list for PBXNativeTarget "poddelusionTests" */ = {
			isa = XCConfigurationList;
			buildConfigurations = (
				92210ACB18186D5600088A50 /* Debug */,
				92210ACC18186D5600088A50 /* Release */,
			);
			defaultConfigurationIsVisible = 0;
		};
/* End XCConfigurationList section */
	};
	rootObject = 92210A8718186D5500088A50 /* Project object */;
}
