<?xml version="1.0" encoding="UTF-8"?>
<!DOCTYPE plist PUBLIC "-//Apple//DTD PLIST 1.0//EN" "http://www.apple.com/DTDs/PropertyList-1.0.dtd">
<plist version="1.0">
<dict>
	<key>archiveVersion</key>
	<string>1</string>
	<key>classes</key>
	<dict/>
	<key>objectVersion</key>
	<string>46</string>
	<key>objects</key>
	<dict>
		<key>92210A8618186D5500088A50</key>
		<dict>
			<key>children</key>
			<array>
				<string>92210AD218217E6800088A50</string>
				<string>92210AD018217E4500088A50</string>
				<string>92210A9818186D5500088A50</string>
				<string>92210ABD18186D5600088A50</string>
				<string>92210A9118186D5500088A50</string>
				<string>92210A9018186D5500088A50</string>
			</array>
			<key>isa</key>
			<string>PBXGroup</string>
			<key>sourceTree</key>
			<string>&lt;group&gt;</string>
		</dict>
		<key>92210A8718186D5500088A50</key>
		<dict>
			<key>attributes</key>
			<dict>
				<key>LastUpgradeCheck</key>
				<string>0500</string>
				<key>ORGANIZATIONNAME</key>
				<string>Chris Nicholson</string>
				<key>TargetAttributes</key>
				<dict>
					<key>92210AB518186D5500088A50</key>
					<dict>
						<key>TestTargetID</key>
						<string>92210A8E18186D5500088A50</string>
					</dict>
				</dict>
			</dict>
			<key>buildConfigurationList</key>
			<string>92210A8A18186D5500088A50</string>
			<key>compatibilityVersion</key>
			<string>Xcode 3.2</string>
			<key>developmentRegion</key>
			<string>English</string>
			<key>hasScannedForEncodings</key>
			<string>0</string>
			<key>isa</key>
			<string>PBXProject</string>
			<key>knownRegions</key>
			<array>
				<string>en</string>
				<string>Base</string>
			</array>
			<key>mainGroup</key>
			<string>92210A8618186D5500088A50</string>
			<key>productRefGroup</key>
			<string>92210A9018186D5500088A50</string>
			<key>projectDirPath</key>
			<string></string>
			<key>projectReferences</key>
			<array/>
			<key>projectRoot</key>
			<string></string>
			<key>targets</key>
			<array>
				<string>92210A8E18186D5500088A50</string>
				<string>92210AB518186D5500088A50</string>
			</array>
		</dict>
		<key>92210A8A18186D5500088A50</key>
		<dict>
			<key>buildConfigurations</key>
			<array>
				<string>92210AC518186D5600088A50</string>
				<string>92210AC618186D5600088A50</string>
			</array>
			<key>defaultConfigurationIsVisible</key>
			<string>0</string>
			<key>defaultConfigurationName</key>
			<string>Release</string>
			<key>isa</key>
			<string>XCConfigurationList</string>
		</dict>
		<key>92210A8B18186D5500088A50</key>
		<dict>
			<key>buildActionMask</key>
			<string>2147483647</string>
			<key>files</key>
			<array>
				<string>92210AA318186D5500088A50</string>
				<string>92210AAC18186D5500088A50</string>
				<string>92210A9F18186D5500088A50</string>
				<string>92210AAF18186D5500088A50</string>
				<string>92210ACF18186FBF00088A50</string>
				<string>92210AD61831341C00088A50</string>
			</array>
			<key>isa</key>
			<string>PBXSourcesBuildPhase</string>
			<key>runOnlyForDeploymentPostprocessing</key>
			<string>0</string>
		</dict>
		<key>92210A8C18186D5500088A50</key>
		<dict>
			<key>buildActionMask</key>
			<string>2147483647</string>
			<key>files</key>
			<array>
				<string>92210A9518186D5500088A50</string>
				<string>92210A9718186D5500088A50</string>
				<string>92210A9318186D5500088A50</string>
			</array>
			<key>isa</key>
			<string>PBXFrameworksBuildPhase</string>
			<key>runOnlyForDeploymentPostprocessing</key>
			<string>0</string>
		</dict>
		<key>92210A8D18186D5500088A50</key>
		<dict>
			<key>buildActionMask</key>
			<string>2147483647</string>
			<key>files</key>
			<array>
				<string>92210AD118217E4500088A50</string>
				<string>92210AA918186D5500088A50</string>
				<string>92210AB118186D5500088A50</string>
				<string>92210AA618186D5500088A50</string>
				<string>92210AD318217E6800088A50</string>
				<string>92210A9D18186D5500088A50</string>
			</array>
			<key>isa</key>
			<string>PBXResourcesBuildPhase</string>
			<key>runOnlyForDeploymentPostprocessing</key>
			<string>0</string>
		</dict>
		<key>92210A8E18186D5500088A50</key>
		<dict>
			<key>buildConfigurationList</key>
			<string>92210AC718186D5600088A50</string>
			<key>buildPhases</key>
			<array>
				<string>92210A8B18186D5500088A50</string>
				<string>92210A8C18186D5500088A50</string>
				<string>92210A8D18186D5500088A50</string>
			</array>
			<key>buildRules</key>
			<array/>
			<key>dependencies</key>
			<array/>
			<key>isa</key>
			<string>PBXNativeTarget</string>
			<key>name</key>
			<string>poddelusion</string>
			<key>productName</key>
			<string>poddelusion</string>
			<key>productReference</key>
			<string>92210A8F18186D5500088A50</string>
			<key>productType</key>
			<string>com.apple.product-type.application</string>
		</dict>
		<key>92210A8F18186D5500088A50</key>
		<dict>
			<key>explicitFileType</key>
			<string>wrapper.application</string>
			<key>includeInIndex</key>
			<string>0</string>
			<key>isa</key>
			<string>PBXFileReference</string>
			<key>path</key>
			<string>poddelusion.app</string>
			<key>sourceTree</key>
			<string>BUILT_PRODUCTS_DIR</string>
		</dict>
		<key>92210A9018186D5500088A50</key>
		<dict>
			<key>children</key>
			<array>
				<string>92210A8F18186D5500088A50</string>
				<string>92210AB618186D5500088A50</string>
			</array>
			<key>isa</key>
			<string>PBXGroup</string>
			<key>name</key>
			<string>Products</string>
			<key>sourceTree</key>
			<string>&lt;group&gt;</string>
		</dict>
		<key>92210A9118186D5500088A50</key>
		<dict>
			<key>children</key>
			<array>
				<string>92210A9218186D5500088A50</string>
				<string>92210A9418186D5500088A50</string>
				<string>92210A9618186D5500088A50</string>
				<string>92210AB718186D5500088A50</string>
			</array>
			<key>isa</key>
			<string>PBXGroup</string>
			<key>name</key>
			<string>Frameworks</string>
			<key>sourceTree</key>
			<string>&lt;group&gt;</string>
		</dict>
		<key>92210A9218186D5500088A50</key>
		<dict>
			<key>isa</key>
			<string>PBXFileReference</string>
			<key>lastKnownFileType</key>
			<string>wrapper.framework</string>
			<key>name</key>
			<string>Foundation.framework</string>
			<key>path</key>
			<string>System/Library/Frameworks/Foundation.framework</string>
			<key>sourceTree</key>
			<string>SDKROOT</string>
		</dict>
		<key>92210A9318186D5500088A50</key>
		<dict>
			<key>fileRef</key>
			<string>92210A9218186D5500088A50</string>
			<key>isa</key>
			<string>PBXBuildFile</string>
		</dict>
		<key>92210A9418186D5500088A50</key>
		<dict>
			<key>isa</key>
			<string>PBXFileReference</string>
			<key>lastKnownFileType</key>
			<string>wrapper.framework</string>
			<key>name</key>
			<string>CoreGraphics.framework</string>
			<key>path</key>
			<string>System/Library/Frameworks/CoreGraphics.framework</string>
			<key>sourceTree</key>
			<string>SDKROOT</string>
		</dict>
		<key>92210A9518186D5500088A50</key>
		<dict>
			<key>fileRef</key>
			<string>92210A9418186D5500088A50</string>
			<key>isa</key>
			<string>PBXBuildFile</string>
		</dict>
		<key>92210A9618186D5500088A50</key>
		<dict>
			<key>isa</key>
			<string>PBXFileReference</string>
			<key>lastKnownFileType</key>
			<string>wrapper.framework</string>
			<key>name</key>
			<string>UIKit.framework</string>
			<key>path</key>
			<string>System/Library/Frameworks/UIKit.framework</string>
			<key>sourceTree</key>
			<string>SDKROOT</string>
		</dict>
		<key>92210A9718186D5500088A50</key>
		<dict>
			<key>fileRef</key>
			<string>92210A9618186D5500088A50</string>
			<key>isa</key>
			<string>PBXBuildFile</string>
		</dict>
		<key>92210A9818186D5500088A50</key>
		<dict>
			<key>children</key>
			<array>
				<string>92210AA118186D5500088A50</string>
				<string>92210AA218186D5500088A50</string>
				<string>92210AA418186D5500088A50</string>
				<string>92210ACD18186FBF00088A50</string>
				<string>92210ACE18186FBF00088A50</string>
				<string>92210AA718186D5500088A50</string>
				<string>92210AAA18186D5500088A50</string>
				<string>92210AAB18186D5500088A50</string>
				<string>92210AAD18186D5500088A50</string>
				<string>92210AAE18186D5500088A50</string>
				<string>92210AB018186D5500088A50</string>
				<string>92210A9918186D5500088A50</string>
				<string>92210AD41831341C00088A50</string>
				<string>92210AD51831341C00088A50</string>
			</array>
			<key>isa</key>
			<string>PBXGroup</string>
			<key>path</key>
			<string>poddelusion</string>
			<key>sourceTree</key>
			<string>&lt;group&gt;</string>
		</dict>
		<key>92210A9918186D5500088A50</key>
		<dict>
			<key>children</key>
			<array>
				<string>92210A9A18186D5500088A50</string>
				<string>92210A9B18186D5500088A50</string>
				<string>92210A9E18186D5500088A50</string>
				<string>92210AA018186D5500088A50</string>
			</array>
			<key>isa</key>
			<string>PBXGroup</string>
			<key>name</key>
			<string>Supporting Files</string>
			<key>sourceTree</key>
			<string>&lt;group&gt;</string>
		</dict>
		<key>92210A9A18186D5500088A50</key>
		<dict>
			<key>isa</key>
			<string>PBXFileReference</string>
			<key>lastKnownFileType</key>
			<string>text.plist.xml</string>
			<key>path</key>
			<string>poddelusion-Info.plist</string>
			<key>sourceTree</key>
			<string>&lt;group&gt;</string>
		</dict>
		<key>92210A9B18186D5500088A50</key>
		<dict>
			<key>children</key>
			<array>
				<string>92210A9C18186D5500088A50</string>
			</array>
			<key>isa</key>
			<string>PBXVariantGroup</string>
			<key>name</key>
			<string>InfoPlist.strings</string>
			<key>sourceTree</key>
			<string>&lt;group&gt;</string>
		</dict>
		<key>92210A9C18186D5500088A50</key>
		<dict>
			<key>isa</key>
			<string>PBXFileReference</string>
			<key>lastKnownFileType</key>
			<string>text.plist.strings</string>
			<key>name</key>
			<string>en</string>
			<key>path</key>
			<string>en.lproj/InfoPlist.strings</string>
			<key>sourceTree</key>
			<string>&lt;group&gt;</string>
		</dict>
		<key>92210A9D18186D5500088A50</key>
		<dict>
			<key>fileRef</key>
			<string>92210A9B18186D5500088A50</string>
			<key>isa</key>
			<string>PBXBuildFile</string>
		</dict>
		<key>92210A9E18186D5500088A50</key>
		<dict>
			<key>isa</key>
			<string>PBXFileReference</string>
			<key>lastKnownFileType</key>
			<string>sourcecode.c.objc</string>
			<key>path</key>
			<string>main.m</string>
			<key>sourceTree</key>
			<string>&lt;group&gt;</string>
		</dict>
		<key>92210A9F18186D5500088A50</key>
		<dict>
			<key>fileRef</key>
			<string>92210A9E18186D5500088A50</string>
			<key>isa</key>
			<string>PBXBuildFile</string>
		</dict>
		<key>92210AA018186D5500088A50</key>
		<dict>
			<key>isa</key>
			<string>PBXFileReference</string>
			<key>lastKnownFileType</key>
			<string>sourcecode.c.h</string>
			<key>path</key>
			<string>poddelusion-Prefix.pch</string>
			<key>sourceTree</key>
			<string>&lt;group&gt;</string>
		</dict>
		<key>92210AA118186D5500088A50</key>
		<dict>
			<key>isa</key>
			<string>PBXFileReference</string>
			<key>lastKnownFileType</key>
			<string>sourcecode.c.h</string>
			<key>path</key>
			<string>AppDelegate.h</string>
			<key>sourceTree</key>
			<string>&lt;group&gt;</string>
		</dict>
		<key>92210AA218186D5500088A50</key>
		<dict>
			<key>isa</key>
			<string>PBXFileReference</string>
			<key>lastKnownFileType</key>
			<string>sourcecode.c.objc</string>
			<key>path</key>
			<string>AppDelegate.m</string>
			<key>sourceTree</key>
			<string>&lt;group&gt;</string>
		</dict>
		<key>92210AA318186D5500088A50</key>
		<dict>
			<key>fileRef</key>
			<string>92210AA218186D5500088A50</string>
			<key>isa</key>
			<string>PBXBuildFile</string>
		</dict>
		<key>92210AA418186D5500088A50</key>
		<dict>
			<key>children</key>
			<array>
				<string>92210AA518186D5500088A50</string>
			</array>
			<key>isa</key>
			<string>PBXVariantGroup</string>
			<key>name</key>
			<string>Main_iPhone.storyboard</string>
			<key>sourceTree</key>
			<string>&lt;group&gt;</string>
		</dict>
		<key>92210AA518186D5500088A50</key>
		<dict>
			<key>isa</key>
			<string>PBXFileReference</string>
			<key>lastKnownFileType</key>
			<string>file.storyboard</string>
			<key>name</key>
			<string>Base</string>
			<key>path</key>
			<string>Base.lproj/Main_iPhone.storyboard</string>
			<key>sourceTree</key>
			<string>&lt;group&gt;</string>
		</dict>
		<key>92210AA618186D5500088A50</key>
		<dict>
			<key>fileRef</key>
			<string>92210AA418186D5500088A50</string>
			<key>isa</key>
			<string>PBXBuildFile</string>
		</dict>
		<key>92210AA718186D5500088A50</key>
		<dict>
			<key>children</key>
			<array>
				<string>92210AA818186D5500088A50</string>
			</array>
			<key>isa</key>
			<string>PBXVariantGroup</string>
			<key>name</key>
			<string>Main_iPad.storyboard</string>
			<key>sourceTree</key>
			<string>&lt;group&gt;</string>
		</dict>
		<key>92210AA818186D5500088A50</key>
		<dict>
			<key>isa</key>
			<string>PBXFileReference</string>
			<key>lastKnownFileType</key>
			<string>file.storyboard</string>
			<key>name</key>
			<string>Base</string>
			<key>path</key>
			<string>Base.lproj/Main_iPad.storyboard</string>
			<key>sourceTree</key>
			<string>&lt;group&gt;</string>
		</dict>
		<key>92210AA918186D5500088A50</key>
		<dict>
			<key>fileRef</key>
			<string>92210AA718186D5500088A50</string>
			<key>isa</key>
			<string>PBXBuildFile</string>
		</dict>
		<key>92210AAA18186D5500088A50</key>
		<dict>
			<key>isa</key>
			<string>PBXFileReference</string>
			<key>lastKnownFileType</key>
			<string>sourcecode.c.h</string>
			<key>path</key>
			<string>MasterViewController.h</string>
			<key>sourceTree</key>
			<string>&lt;group&gt;</string>
		</dict>
		<key>92210AAB18186D5500088A50</key>
		<dict>
			<key>isa</key>
			<string>PBXFileReference</string>
			<key>lastKnownFileType</key>
			<string>sourcecode.c.objc</string>
			<key>path</key>
			<string>MasterViewController.m</string>
			<key>sourceTree</key>
			<string>&lt;group&gt;</string>
		</dict>
		<key>92210AAC18186D5500088A50</key>
		<dict>
			<key>fileRef</key>
			<string>92210AAB18186D5500088A50</string>
			<key>isa</key>
			<string>PBXBuildFile</string>
		</dict>
		<key>92210AAD18186D5500088A50</key>
		<dict>
			<key>isa</key>
			<string>PBXFileReference</string>
			<key>lastKnownFileType</key>
			<string>sourcecode.c.h</string>
			<key>path</key>
			<string>DetailViewController.h</string>
			<key>sourceTree</key>
			<string>&lt;group&gt;</string>
		</dict>
		<key>92210AAE18186D5500088A50</key>
		<dict>
			<key>isa</key>
			<string>PBXFileReference</string>
			<key>lastKnownFileType</key>
			<string>sourcecode.c.objc</string>
			<key>path</key>
			<string>DetailViewController.m</string>
			<key>sourceTree</key>
			<string>&lt;group&gt;</string>
		</dict>
		<key>92210AAF18186D5500088A50</key>
		<dict>
			<key>fileRef</key>
			<string>92210AAE18186D5500088A50</string>
			<key>isa</key>
			<string>PBXBuildFile</string>
		</dict>
		<key>92210AB018186D5500088A50</key>
		<dict>
			<key>isa</key>
			<string>PBXFileReference</string>
			<key>lastKnownFileType</key>
			<string>folder.assetcatalog</string>
			<key>path</key>
			<string>Images.xcassets</string>
			<key>sourceTree</key>
			<string>&lt;group&gt;</string>
		</dict>
		<key>92210AB118186D5500088A50</key>
		<dict>
			<key>fileRef</key>
			<string>92210AB018186D5500088A50</string>
			<key>isa</key>
			<string>PBXBuildFile</string>
		</dict>
		<key>92210AB218186D5500088A50</key>
		<dict>
			<key>buildActionMask</key>
			<string>2147483647</string>
			<key>files</key>
			<array>
				<string>92210AC418186D5600088A50</string>
			</array>
			<key>isa</key>
			<string>PBXSourcesBuildPhase</string>
			<key>runOnlyForDeploymentPostprocessing</key>
			<string>0</string>
		</dict>
		<key>92210AB318186D5500088A50</key>
		<dict>
			<key>buildActionMask</key>
			<string>2147483647</string>
			<key>files</key>
			<array>
				<string>92210AB818186D5500088A50</string>
				<string>92210ABA18186D5600088A50</string>
				<string>92210AB918186D5500088A50</string>
			</array>
			<key>isa</key>
			<string>PBXFrameworksBuildPhase</string>
			<key>runOnlyForDeploymentPostprocessing</key>
			<string>0</string>
		</dict>
		<key>92210AB418186D5500088A50</key>
		<dict>
			<key>buildActionMask</key>
			<string>2147483647</string>
			<key>files</key>
			<array>
				<string>92210AC218186D5600088A50</string>
			</array>
			<key>isa</key>
			<string>PBXResourcesBuildPhase</string>
			<key>runOnlyForDeploymentPostprocessing</key>
			<string>0</string>
		</dict>
		<key>92210AB518186D5500088A50</key>
		<dict>
			<key>buildConfigurationList</key>
			<string>92210ACA18186D5600088A50</string>
			<key>buildPhases</key>
			<array>
				<string>92210AB218186D5500088A50</string>
				<string>92210AB318186D5500088A50</string>
				<string>92210AB418186D5500088A50</string>
			</array>
			<key>buildRules</key>
			<array/>
			<key>dependencies</key>
			<array>
				<string>92210ABC18186D5600088A50</string>
			</array>
			<key>isa</key>
			<string>PBXNativeTarget</string>
			<key>name</key>
			<string>poddelusionTests</string>
			<key>productName</key>
			<string>poddelusionTests</string>
			<key>productReference</key>
			<string>92210AB618186D5500088A50</string>
			<key>productType</key>
			<string>com.apple.product-type.bundle.unit-test</string>
		</dict>
		<key>92210AB618186D5500088A50</key>
		<dict>
			<key>explicitFileType</key>
			<string>wrapper.cfbundle</string>
			<key>includeInIndex</key>
			<string>0</string>
			<key>isa</key>
			<string>PBXFileReference</string>
			<key>path</key>
			<string>poddelusionTests.xctest</string>
			<key>sourceTree</key>
			<string>BUILT_PRODUCTS_DIR</string>
		</dict>
		<key>92210AB718186D5500088A50</key>
		<dict>
			<key>isa</key>
			<string>PBXFileReference</string>
			<key>lastKnownFileType</key>
			<string>wrapper.framework</string>
			<key>name</key>
			<string>XCTest.framework</string>
			<key>path</key>
			<string>Library/Frameworks/XCTest.framework</string>
			<key>sourceTree</key>
			<string>DEVELOPER_DIR</string>
		</dict>
		<key>92210AB818186D5500088A50</key>
		<dict>
			<key>fileRef</key>
			<string>92210AB718186D5500088A50</string>
			<key>isa</key>
			<string>PBXBuildFile</string>
		</dict>
		<key>92210AB918186D5500088A50</key>
		<dict>
			<key>fileRef</key>
			<string>92210A9218186D5500088A50</string>
			<key>isa</key>
			<string>PBXBuildFile</string>
		</dict>
		<key>92210ABA18186D5600088A50</key>
		<dict>
			<key>fileRef</key>
			<string>92210A9618186D5500088A50</string>
			<key>isa</key>
			<string>PBXBuildFile</string>
		</dict>
		<key>92210ABB18186D5600088A50</key>
		<dict>
			<key>containerPortal</key>
			<string>92210A8718186D5500088A50</string>
			<key>isa</key>
			<string>PBXContainerItemProxy</string>
			<key>proxyType</key>
			<string>1</string>
			<key>remoteGlobalIDString</key>
			<string>92210A8E18186D5500088A50</string>
			<key>remoteInfo</key>
			<string>poddelusion</string>
		</dict>
		<key>92210ABC18186D5600088A50</key>
		<dict>
			<key>isa</key>
			<string>PBXTargetDependency</string>
			<key>target</key>
			<string>92210A8E18186D5500088A50</string>
			<key>targetProxy</key>
			<string>92210ABB18186D5600088A50</string>
		</dict>
		<key>92210ABD18186D5600088A50</key>
		<dict>
			<key>children</key>
			<array>
				<string>92210AC318186D5600088A50</string>
				<string>92210ABE18186D5600088A50</string>
			</array>
			<key>isa</key>
			<string>PBXGroup</string>
			<key>path</key>
			<string>poddelusionTests</string>
			<key>sourceTree</key>
			<string>&lt;group&gt;</string>
		</dict>
		<key>92210ABE18186D5600088A50</key>
		<dict>
			<key>children</key>
			<array>
				<string>92210ABF18186D5600088A50</string>
				<string>92210AC018186D5600088A50</string>
			</array>
			<key>isa</key>
			<string>PBXGroup</string>
			<key>name</key>
			<string>Supporting Files</string>
			<key>sourceTree</key>
			<string>&lt;group&gt;</string>
		</dict>
		<key>92210ABF18186D5600088A50</key>
		<dict>
			<key>isa</key>
			<string>PBXFileReference</string>
			<key>lastKnownFileType</key>
			<string>text.plist.xml</string>
			<key>path</key>
			<string>poddelusionTests-Info.plist</string>
			<key>sourceTree</key>
			<string>&lt;group&gt;</string>
		</dict>
		<key>92210AC018186D5600088A50</key>
		<dict>
			<key>children</key>
			<array>
				<string>92210AC118186D5600088A50</string>
			</array>
			<key>isa</key>
			<string>PBXVariantGroup</string>
			<key>name</key>
			<string>InfoPlist.strings</string>
			<key>sourceTree</key>
			<string>&lt;group&gt;</string>
		</dict>
		<key>92210AC118186D5600088A50</key>
		<dict>
			<key>isa</key>
			<string>PBXFileReference</string>
			<key>lastKnownFileType</key>
			<string>text.plist.strings</string>
			<key>name</key>
			<string>en</string>
			<key>path</key>
			<string>en.lproj/InfoPlist.strings</string>
			<key>sourceTree</key>
			<string>&lt;group&gt;</string>
		</dict>
		<key>92210AC218186D5600088A50</key>
		<dict>
			<key>fileRef</key>
			<string>92210AC018186D5600088A50</string>
			<key>isa</key>
			<string>PBXBuildFile</string>
		</dict>
		<key>92210AC318186D5600088A50</key>
		<dict>
			<key>isa</key>
			<string>PBXFileReference</string>
			<key>lastKnownFileType</key>
			<string>sourcecode.c.objc</string>
			<key>path</key>
			<string>poddelusionTests.m</string>
			<key>sourceTree</key>
			<string>&lt;group&gt;</string>
		</dict>
		<key>92210AC418186D5600088A50</key>
		<dict>
			<key>fileRef</key>
			<string>92210AC318186D5600088A50</string>
			<key>isa</key>
			<string>PBXBuildFile</string>
		</dict>
		<key>92210AC518186D5600088A50</key>
		<dict>
			<key>buildSettings</key>
			<dict>
				<key>ALWAYS_SEARCH_USER_PATHS</key>
				<string>NO</string>
				<key>ARCHS</key>
				<string>$(ARCHS_STANDARD_INCLUDING_64_BIT)</string>
				<key>CLANG_CXX_LANGUAGE_STANDARD</key>
				<string>gnu++0x</string>
				<key>CLANG_CXX_LIBRARY</key>
				<string>libc++</string>
				<key>CLANG_ENABLE_MODULES</key>
				<string>YES</string>
				<key>CLANG_ENABLE_OBJC_ARC</key>
				<string>YES</string>
				<key>CLANG_WARN_BOOL_CONVERSION</key>
				<string>YES</string>
				<key>CLANG_WARN_CONSTANT_CONVERSION</key>
				<string>YES</string>
				<key>CLANG_WARN_DIRECT_OBJC_ISA_USAGE</key>
				<string>YES_ERROR</string>
				<key>CLANG_WARN_EMPTY_BODY</key>
				<string>YES</string>
				<key>CLANG_WARN_ENUM_CONVERSION</key>
				<string>YES</string>
				<key>CLANG_WARN_INT_CONVERSION</key>
				<string>YES</string>
				<key>CLANG_WARN_OBJC_ROOT_CLASS</key>
				<string>YES_ERROR</string>
				<key>CLANG_WARN__DUPLICATE_METHOD_MATCH</key>
				<string>YES</string>
				<key>CODE_SIGN_IDENTITY[sdk=iphoneos*]</key>
				<string>iPhone Developer</string>
				<key>COPY_PHASE_STRIP</key>
				<string>NO</string>
				<key>GCC_C_LANGUAGE_STANDARD</key>
				<string>gnu99</string>
				<key>GCC_DYNAMIC_NO_PIC</key>
				<string>NO</string>
				<key>GCC_OPTIMIZATION_LEVEL</key>
				<string>0</string>
				<key>GCC_PREPROCESSOR_DEFINITIONS</key>
				<array>
					<string>DEBUG=1</string>
					<string>$(inherited)</string>
				</array>
				<key>GCC_SYMBOLS_PRIVATE_EXTERN</key>
				<string>NO</string>
				<key>GCC_WARN_64_TO_32_BIT_CONVERSION</key>
				<string>YES</string>
				<key>GCC_WARN_ABOUT_RETURN_TYPE</key>
				<string>YES_ERROR</string>
				<key>GCC_WARN_UNDECLARED_SELECTOR</key>
				<string>YES</string>
				<key>GCC_WARN_UNINITIALIZED_AUTOS</key>
				<string>YES</string>
				<key>GCC_WARN_UNUSED_FUNCTION</key>
				<string>YES</string>
				<key>GCC_WARN_UNUSED_VARIABLE</key>
				<string>YES</string>
				<key>IPHONEOS_DEPLOYMENT_TARGET</key>
				<string>7.0</string>
				<key>ONLY_ACTIVE_ARCH</key>
				<string>YES</string>
				<key>SDKROOT</key>
				<string>iphoneos</string>
				<key>TARGETED_DEVICE_FAMILY</key>
				<string>1,2</string>
			</dict>
			<key>isa</key>
			<string>XCBuildConfiguration</string>
			<key>name</key>
			<string>Debug</string>
		</dict>
		<key>92210AC618186D5600088A50</key>
		<dict>
			<key>buildSettings</key>
			<dict>
				<key>ALWAYS_SEARCH_USER_PATHS</key>
				<string>NO</string>
				<key>ARCHS</key>
				<string>$(ARCHS_STANDARD_INCLUDING_64_BIT)</string>
				<key>CLANG_CXX_LANGUAGE_STANDARD</key>
				<string>gnu++0x</string>
				<key>CLANG_CXX_LIBRARY</key>
				<string>libc++</string>
				<key>CLANG_ENABLE_MODULES</key>
				<string>YES</string>
				<key>CLANG_ENABLE_OBJC_ARC</key>
				<string>YES</string>
				<key>CLANG_WARN_BOOL_CONVERSION</key>
				<string>YES</string>
				<key>CLANG_WARN_CONSTANT_CONVERSION</key>
				<string>YES</string>
				<key>CLANG_WARN_DIRECT_OBJC_ISA_USAGE</key>
				<string>YES_ERROR</string>
				<key>CLANG_WARN_EMPTY_BODY</key>
				<string>YES</string>
				<key>CLANG_WARN_ENUM_CONVERSION</key>
				<string>YES</string>
				<key>CLANG_WARN_INT_CONVERSION</key>
				<string>YES</string>
				<key>CLANG_WARN_OBJC_ROOT_CLASS</key>
				<string>YES_ERROR</string>
				<key>CLANG_WARN__DUPLICATE_METHOD_MATCH</key>
				<string>YES</string>
				<key>CODE_SIGN_IDENTITY[sdk=iphoneos*]</key>
				<string>iPhone Developer</string>
				<key>COPY_PHASE_STRIP</key>
				<string>YES</string>
				<key>ENABLE_NS_ASSERTIONS</key>
				<string>NO</string>
				<key>GCC_C_LANGUAGE_STANDARD</key>
				<string>gnu99</string>
				<key>GCC_WARN_64_TO_32_BIT_CONVERSION</key>
				<string>YES</string>
				<key>GCC_WARN_ABOUT_RETURN_TYPE</key>
				<string>YES_ERROR</string>
				<key>GCC_WARN_UNDECLARED_SELECTOR</key>
				<string>YES</string>
				<key>GCC_WARN_UNINITIALIZED_AUTOS</key>
				<string>YES</string>
				<key>GCC_WARN_UNUSED_FUNCTION</key>
				<string>YES</string>
				<key>GCC_WARN_UNUSED_VARIABLE</key>
				<string>YES</string>
				<key>IPHONEOS_DEPLOYMENT_TARGET</key>
				<string>7.0</string>
				<key>SDKROOT</key>
				<string>iphoneos</string>
				<key>TARGETED_DEVICE_FAMILY</key>
				<string>1,2</string>
				<key>VALIDATE_PRODUCT</key>
				<string>YES</string>
			</dict>
			<key>isa</key>
			<string>XCBuildConfiguration</string>
			<key>name</key>
			<string>Release</string>
		</dict>
		<key>92210AC718186D5600088A50</key>
		<dict>
			<key>buildConfigurations</key>
			<array>
				<string>92210AC818186D5600088A50</string>
				<string>92210AC918186D5600088A50</string>
			</array>
			<key>defaultConfigurationIsVisible</key>
			<string>0</string>
			<key>isa</key>
			<string>XCConfigurationList</string>
		</dict>
		<key>92210AC818186D5600088A50</key>
		<dict>
			<key>buildSettings</key>
			<dict>
				<key>ASSETCATALOG_COMPILER_APPICON_NAME</key>
				<string>AppIcon</string>
				<key>ASSETCATALOG_COMPILER_LAUNCHIMAGE_NAME</key>
				<string>LaunchImage</string>
				<key>GCC_PRECOMPILE_PREFIX_HEADER</key>
				<string>YES</string>
				<key>GCC_PREFIX_HEADER</key>
				<string>poddelusion/poddelusion-Prefix.pch</string>
				<key>INFOPLIST_FILE</key>
				<string>poddelusion/poddelusion-Info.plist</string>
				<key>LIBRARY_SEARCH_PATHS</key>
				<array>
					<string>$(inherited)</string>
					<string>$(FRANK_LIBRARY_SEARCH_PATHS)</string>
				</array>
				<key>OTHER_LDFLAGS</key>
				<array>
					<string>$(inherited)</string>
					<string>$(FRANK_LDFLAGS)</string>
				</array>
				<key>PRODUCT_NAME</key>
				<string>$(TARGET_NAME)</string>
				<key>WRAPPER_EXTENSION</key>
				<string>app</string>
			</dict>
			<key>isa</key>
			<string>XCBuildConfiguration</string>
			<key>name</key>
			<string>Debug</string>
		</dict>
		<key>92210AC918186D5600088A50</key>
		<dict>
			<key>buildSettings</key>
			<dict>
				<key>ASSETCATALOG_COMPILER_APPICON_NAME</key>
				<string>AppIcon</string>
				<key>ASSETCATALOG_COMPILER_LAUNCHIMAGE_NAME</key>
				<string>LaunchImage</string>
				<key>GCC_PRECOMPILE_PREFIX_HEADER</key>
				<string>YES</string>
				<key>GCC_PREFIX_HEADER</key>
				<string>poddelusion/poddelusion-Prefix.pch</string>
				<key>INFOPLIST_FILE</key>
				<string>poddelusion/poddelusion-Info.plist</string>
				<key>PRODUCT_NAME</key>
				<string>$(TARGET_NAME)</string>
				<key>WRAPPER_EXTENSION</key>
				<string>app</string>
			</dict>
			<key>isa</key>
			<string>XCBuildConfiguration</string>
			<key>name</key>
			<string>Release</string>
		</dict>
		<key>92210ACA18186D5600088A50</key>
		<dict>
			<key>buildConfigurations</key>
			<array>
				<string>92210ACB18186D5600088A50</string>
				<string>92210ACC18186D5600088A50</string>
			</array>
			<key>defaultConfigurationIsVisible</key>
			<string>0</string>
			<key>isa</key>
			<string>XCConfigurationList</string>
		</dict>
		<key>92210ACB18186D5600088A50</key>
		<dict>
			<key>buildSettings</key>
			<dict>
				<key>ARCHS</key>
				<string>$(ARCHS_STANDARD_INCLUDING_64_BIT)</string>
				<key>BUNDLE_LOADER</key>
				<string>$(BUILT_PRODUCTS_DIR)/poddelusion.app/poddelusion</string>
				<key>FRAMEWORK_SEARCH_PATHS</key>
				<array>
					<string>$(SDKROOT)/Developer/Library/Frameworks</string>
					<string>$(inherited)</string>
					<string>$(DEVELOPER_FRAMEWORKS_DIR)</string>
				</array>
				<key>GCC_PRECOMPILE_PREFIX_HEADER</key>
				<string>YES</string>
				<key>GCC_PREFIX_HEADER</key>
				<string>poddelusion/poddelusion-Prefix.pch</string>
				<key>GCC_PREPROCESSOR_DEFINITIONS</key>
				<array>
					<string>DEBUG=1</string>
					<string>$(inherited)</string>
				</array>
				<key>INFOPLIST_FILE</key>
				<string>poddelusionTests/poddelusionTests-Info.plist</string>
				<key>PRODUCT_NAME</key>
				<string>$(TARGET_NAME)</string>
				<key>TEST_HOST</key>
				<string>$(BUNDLE_LOADER)</string>
				<key>WRAPPER_EXTENSION</key>
				<string>xctest</string>
			</dict>
			<key>isa</key>
			<string>XCBuildConfiguration</string>
			<key>name</key>
			<string>Debug</string>
		</dict>
		<key>92210ACC18186D5600088A50</key>
		<dict>
			<key>buildSettings</key>
			<dict>
				<key>ARCHS</key>
				<string>$(ARCHS_STANDARD_INCLUDING_64_BIT)</string>
				<key>BUNDLE_LOADER</key>
				<string>$(BUILT_PRODUCTS_DIR)/poddelusion.app/poddelusion</string>
				<key>FRAMEWORK_SEARCH_PATHS</key>
				<array>
					<string>$(SDKROOT)/Developer/Library/Frameworks</string>
					<string>$(inherited)</string>
					<string>$(DEVELOPER_FRAMEWORKS_DIR)</string>
				</array>
				<key>GCC_PRECOMPILE_PREFIX_HEADER</key>
				<string>YES</string>
				<key>GCC_PREFIX_HEADER</key>
				<string>poddelusion/poddelusion-Prefix.pch</string>
				<key>INFOPLIST_FILE</key>
				<string>poddelusionTests/poddelusionTests-Info.plist</string>
				<key>PRODUCT_NAME</key>
				<string>$(TARGET_NAME)</string>
				<key>TEST_HOST</key>
				<string>$(BUNDLE_LOADER)</string>
				<key>WRAPPER_EXTENSION</key>
				<string>xctest</string>
			</dict>
			<key>isa</key>
			<string>XCBuildConfiguration</string>
			<key>name</key>
			<string>Release</string>
		</dict>
		<key>92210ACD18186FBF00088A50</key>
		<dict>
			<key>fileEncoding</key>
			<string>4</string>
			<key>isa</key>
			<string>PBXFileReference</string>
			<key>lastKnownFileType</key>
			<string>sourcecode.c.h</string>
			<key>path</key>
			<string>RSSEntry.h</string>
			<key>sourceTree</key>
			<string>&lt;group&gt;</string>
		</dict>
		<key>92210ACE18186FBF00088A50</key>
		<dict>
			<key>fileEncoding</key>
			<string>4</string>
			<key>isa</key>
			<string>PBXFileReference</string>
			<key>lastKnownFileType</key>
			<string>sourcecode.c.objc</string>
			<key>path</key>
			<string>RSSEntry.m</string>
			<key>sourceTree</key>
			<string>&lt;group&gt;</string>
		</dict>
		<key>92210ACF18186FBF00088A50</key>
		<dict>
			<key>fileRef</key>
			<string>92210ACE18186FBF00088A50</string>
			<key>isa</key>
			<string>PBXBuildFile</string>
		</dict>
		<key>92210AD018217E4500088A50</key>
		<dict>
			<key>isa</key>
			<string>PBXFileReference</string>
			<key>lastKnownFileType</key>
			<string>image.png</string>
			<key>name</key>
			<string>Icon.png</string>
			<key>path</key>
			<string>poddelusion/Icon.png</string>
			<key>sourceTree</key>
			<string>&lt;group&gt;</string>
		</dict>
		<key>92210AD118217E4500088A50</key>
		<dict>
			<key>fileRef</key>
			<string>92210AD018217E4500088A50</string>
			<key>isa</key>
			<string>PBXBuildFile</string>
		</dict>
		<key>92210AD218217E6800088A50</key>
		<dict>
			<key>isa</key>
			<string>PBXFileReference</string>
			<key>lastKnownFileType</key>
			<string>image.png</string>
			<key>name</key>
			<string>Icon@2x.png</string>
			<key>path</key>
			<string>poddelusion/Icon@2x.png</string>
			<key>sourceTree</key>
			<string>&lt;group&gt;</string>
		</dict>
		<key>92210AD318217E6800088A50</key>
		<dict>
			<key>fileRef</key>
			<string>92210AD218217E6800088A50</string>
			<key>isa</key>
			<string>PBXBuildFile</string>
		</dict>
		<key>92210AD41831341C00088A50</key>
		<dict>
			<key>fileEncoding</key>
			<string>4</string>
			<key>isa</key>
			<string>PBXFileReference</string>
			<key>lastKnownFileType</key>
			<string>sourcecode.c.h</string>
			<key>path</key>
			<string>NSPDXMLParser.h</string>
			<key>sourceTree</key>
			<string>&lt;group&gt;</string>
		</dict>
		<key>92210AD51831341C00088A50</key>
		<dict>
			<key>fileEncoding</key>
			<string>4</string>
			<key>isa</key>
			<string>PBXFileReference</string>
			<key>lastKnownFileType</key>
			<string>sourcecode.c.objc</string>
			<key>path</key>
			<string>NSPDXMLParser.m</string>
			<key>sourceTree</key>
			<string>&lt;group&gt;</string>
		</dict>
		<key>92210AD61831341C00088A50</key>
		<dict>
			<key>fileRef</key>
			<string>92210AD51831341C00088A50</string>
			<key>isa</key>
			<string>PBXBuildFile</string>
		</dict>
	</dict>
	<key>rootObject</key>
	<string>92210A8718186D5500088A50</string>
</dict>
</plist>
